// !$*UTF8*$!
{
	archiveVersion = 1;
	classes = {
	};
	objectVersion = 50;
	objects = {

/* Begin PBXBuildFile section */
		8623C37D259393CC007426D0 /* croupier.png in Resources */ = {isa = PBXBuildFile; fileRef = 8623C37C259393CC007426D0 /* croupier.png */; };
		8624FE9A2596231E00313BE6 /* InsertTitleViewController.swift in Sources */ = {isa = PBXBuildFile; fileRef = 8624FE992596231E00313BE6 /* InsertTitleViewController.swift */; };
		8624FE9D259626EA00313BE6 /* InsertTimeViewController.swift in Sources */ = {isa = PBXBuildFile; fileRef = 8624FE9C259626EA00313BE6 /* InsertTimeViewController.swift */; };
		8625B830258F06C400F87083 /* AppDelegate.swift in Sources */ = {isa = PBXBuildFile; fileRef = 8625B82F258F06C400F87083 /* AppDelegate.swift */; };
		8625B832258F06C400F87083 /* SceneDelegate.swift in Sources */ = {isa = PBXBuildFile; fileRef = 8625B831258F06C400F87083 /* SceneDelegate.swift */; };
		8625B837258F06C400F87083 /* Main.storyboard in Resources */ = {isa = PBXBuildFile; fileRef = 8625B835258F06C400F87083 /* Main.storyboard */; };
		8625B83A258F06C400F87083 /* todoList.xcdatamodeld in Sources */ = {isa = PBXBuildFile; fileRef = 8625B838258F06C400F87083 /* todoList.xcdatamodeld */; };
		8625B83C258F06C400F87083 /* Assets.xcassets in Resources */ = {isa = PBXBuildFile; fileRef = 8625B83B258F06C400F87083 /* Assets.xcassets */; };
		8625B83F258F06C400F87083 /* LaunchScreen.storyboard in Resources */ = {isa = PBXBuildFile; fileRef = 8625B83D258F06C400F87083 /* LaunchScreen.storyboard */; };
		86B4A320258F10E000F746AF /* NewViewController.swift in Sources */ = {isa = PBXBuildFile; fileRef = 86B4A31F258F10E000F746AF /* NewViewController.swift */; };
		86B4A323258F10F900F746AF /* EditViewController.swift in Sources */ = {isa = PBXBuildFile; fileRef = 86B4A322258F10F900F746AF /* EditViewController.swift */; };
		86B4A326258F111100F746AF /* ToDoListViewController.swift in Sources */ = {isa = PBXBuildFile; fileRef = 86B4A325258F111100F746AF /* ToDoListViewController.swift */; };
		86B4A32C258F118000F746AF /* DataManager.swift in Sources */ = {isa = PBXBuildFile; fileRef = 86B4A32B258F118000F746AF /* DataManager.swift */; };
		86B4A347258F4D2F00F746AF /* AlertsBox.swift in Sources */ = {isa = PBXBuildFile; fileRef = 86B4A346258F4D2F00F746AF /* AlertsBox.swift */; };
		86B4A34D258F5DE600F746AF /* CoreData+CoreDataClass.swift in Sources */ = {isa = PBXBuildFile; fileRef = 86B4A34B258F5DE600F746AF /* CoreData+CoreDataClass.swift */; };
		86B4A34E258F5DE600F746AF /* CoreData+CoreDataProperties.swift in Sources */ = {isa = PBXBuildFile; fileRef = 86B4A34C258F5DE600F746AF /* CoreData+CoreDataProperties.swift */; };
/* End PBXBuildFile section */

/* Begin PBXFileReference section */
		8623C37C259393CC007426D0 /* croupier.png */ = {isa = PBXFileReference; lastKnownFileType = image.png; path = croupier.png; sourceTree = "<group>"; };
		8624FE992596231E00313BE6 /* InsertTitleViewController.swift */ = {isa = PBXFileReference; lastKnownFileType = sourcecode.swift; path = InsertTitleViewController.swift; sourceTree = "<group>"; };
		8624FE9C259626EA00313BE6 /* InsertTimeViewController.swift */ = {isa = PBXFileReference; lastKnownFileType = sourcecode.swift; path = InsertTimeViewController.swift; sourceTree = "<group>"; };
		8625B82C258F06C400F87083 /* todoList.app */ = {isa = PBXFileReference; explicitFileType = wrapper.application; includeInIndex = 0; path = todoList.app; sourceTree = BUILT_PRODUCTS_DIR; };
		8625B82F258F06C400F87083 /* AppDelegate.swift */ = {isa = PBXFileReference; lastKnownFileType = sourcecode.swift; path = AppDelegate.swift; sourceTree = "<group>"; };
		8625B831258F06C400F87083 /* SceneDelegate.swift */ = {isa = PBXFileReference; lastKnownFileType = sourcecode.swift; path = SceneDelegate.swift; sourceTree = "<group>"; };
		8625B836258F06C400F87083 /* Base */ = {isa = PBXFileReference; lastKnownFileType = file.storyboard; name = Base; path = Base.lproj/Main.storyboard; sourceTree = "<group>"; };
		8625B839258F06C400F87083 /* todoList.xcdatamodel */ = {isa = PBXFileReference; lastKnownFileType = wrapper.xcdatamodel; path = todoList.xcdatamodel; sourceTree = "<group>"; };
		8625B83B258F06C400F87083 /* Assets.xcassets */ = {isa = PBXFileReference; lastKnownFileType = folder.assetcatalog; path = Assets.xcassets; sourceTree = "<group>"; };
		8625B83E258F06C400F87083 /* Base */ = {isa = PBXFileReference; lastKnownFileType = file.storyboard; name = Base; path = Base.lproj/LaunchScreen.storyboard; sourceTree = "<group>"; };
		8625B840258F06C400F87083 /* Info.plist */ = {isa = PBXFileReference; lastKnownFileType = text.plist.xml; path = Info.plist; sourceTree = "<group>"; };
		86B4A31F258F10E000F746AF /* NewViewController.swift */ = {isa = PBXFileReference; lastKnownFileType = sourcecode.swift; path = NewViewController.swift; sourceTree = "<group>"; };
		86B4A322258F10F900F746AF /* EditViewController.swift */ = {isa = PBXFileReference; lastKnownFileType = sourcecode.swift; path = EditViewController.swift; sourceTree = "<group>"; };
		86B4A325258F111100F746AF /* ToDoListViewController.swift */ = {isa = PBXFileReference; lastKnownFileType = sourcecode.swift; path = ToDoListViewController.swift; sourceTree = "<group>"; };
		86B4A32B258F118000F746AF /* DataManager.swift */ = {isa = PBXFileReference; lastKnownFileType = sourcecode.swift; path = DataManager.swift; sourceTree = "<group>"; };
		86B4A346258F4D2F00F746AF /* AlertsBox.swift */ = {isa = PBXFileReference; lastKnownFileType = sourcecode.swift; path = AlertsBox.swift; sourceTree = "<group>"; };
		86B4A34B258F5DE600F746AF /* CoreData+CoreDataClass.swift */ = {isa = PBXFileReference; lastKnownFileType = sourcecode.swift; path = "CoreData+CoreDataClass.swift"; sourceTree = "<group>"; };
		86B4A34C258F5DE600F746AF /* CoreData+CoreDataProperties.swift */ = {isa = PBXFileReference; lastKnownFileType = sourcecode.swift; path = "CoreData+CoreDataProperties.swift"; sourceTree = "<group>"; };
/* End PBXFileReference section */

/* Begin PBXFrameworksBuildPhase section */
		8625B829258F06C400F87083 /* Frameworks */ = {
			isa = PBXFrameworksBuildPhase;
			buildActionMask = 2147483647;
			files = (
			);
			runOnlyForDeploymentPostprocessing = 0;
		};
/* End PBXFrameworksBuildPhase section */

/* Begin PBXGroup section */
		8623C37B259393B3007426D0 /* image */ = {
			isa = PBXGroup;
			children = (
				8623C37C259393CC007426D0 /* croupier.png */,
			);
			path = image;
			sourceTree = "<group>";
		};
		8625B823258F06C400F87083 = {
			isa = PBXGroup;
			children = (
				86B4A34B258F5DE600F746AF /* CoreData+CoreDataClass.swift */,
				86B4A34C258F5DE600F746AF /* CoreData+CoreDataProperties.swift */,
				8625B82E258F06C400F87083 /* todoList */,
				8625B82D258F06C400F87083 /* Products */,
			);
			sourceTree = "<group>";
		};
		8625B82D258F06C400F87083 /* Products */ = {
			isa = PBXGroup;
			children = (
				8625B82C258F06C400F87083 /* todoList.app */,
			);
			name = Products;
			sourceTree = "<group>";
		};
		8625B82E258F06C400F87083 /* todoList */ = {
			isa = PBXGroup;
			children = (
				8623C37B259393B3007426D0 /* image */,
				86B4A33C258F4BB700F746AF /* Alerts */,
				8625B847258F070100F87083 /* ViewController */,
				8625B82F258F06C400F87083 /* AppDelegate.swift */,
				8625B831258F06C400F87083 /* SceneDelegate.swift */,
				8625B835258F06C400F87083 /* Main.storyboard */,
				8625B83B258F06C400F87083 /* Assets.xcassets */,
				8625B83D258F06C400F87083 /* LaunchScreen.storyboard */,
				8625B840258F06C400F87083 /* Info.plist */,
				8625B838258F06C400F87083 /* todoList.xcdatamodeld */,
			);
			path = todoList;
			sourceTree = "<group>";
		};
		8625B847258F070100F87083 /* ViewController */ = {
			isa = PBXGroup;
			children = (
				86B4A322258F10F900F746AF /* EditViewController.swift */,
				86B4A31F258F10E000F746AF /* NewViewController.swift */,
				86B4A325258F111100F746AF /* ToDoListViewController.swift */,
				86B4A32A258F116200F746AF /* Manager */,
				86B4A329258F113900F746AF /* InsertViews */,
			);
			path = ViewController;
			sourceTree = "<group>";
		};
		86B4A329258F113900F746AF /* InsertViews */ = {
			isa = PBXGroup;
			children = (
				8624FE992596231E00313BE6 /* InsertTitleViewController.swift */,
				8624FE9C259626EA00313BE6 /* InsertTimeViewController.swift */,
			);
			path = InsertViews;
			sourceTree = "<group>";
		};
		86B4A32A258F116200F746AF /* Manager */ = {
			isa = PBXGroup;
			children = (
				86B4A32B258F118000F746AF /* DataManager.swift */,
			);
			path = Manager;
			sourceTree = "<group>";
		};
		86B4A33C258F4BB700F746AF /* Alerts */ = {
			isa = PBXGroup;
			children = (
				86B4A346258F4D2F00F746AF /* AlertsBox.swift */,
			);
			path = Alerts;
			sourceTree = "<group>";
		};
/* End PBXGroup section */

/* Begin PBXNativeTarget section */
		8625B82B258F06C400F87083 /* todoList */ = {
			isa = PBXNativeTarget;
			buildConfigurationList = 8625B843258F06C400F87083 /* Build configuration list for PBXNativeTarget "todoList" */;
			buildPhases = (
				8625B828258F06C400F87083 /* Sources */,
				8625B829258F06C400F87083 /* Frameworks */,
				8625B82A258F06C400F87083 /* Resources */,
			);
			buildRules = (
			);
			dependencies = (
			);
			name = todoList;
			productName = todoList;
			productReference = 8625B82C258F06C400F87083 /* todoList.app */;
			productType = "com.apple.product-type.application";
		};
/* End PBXNativeTarget section */

/* Begin PBXProject section */
		8625B824258F06C400F87083 /* Project object */ = {
			isa = PBXProject;
			attributes = {
				LastSwiftUpdateCheck = 1230;
				LastUpgradeCheck = 1230;
				TargetAttributes = {
					8625B82B258F06C400F87083 = {
						CreatedOnToolsVersion = 12.3;
					};
				};
			};
			buildConfigurationList = 8625B827258F06C400F87083 /* Build configuration list for PBXProject "todoList" */;
			compatibilityVersion = "Xcode 9.3";
			developmentRegion = en;
			hasScannedForEncodings = 0;
			knownRegions = (
				en,
				Base,
			);
			mainGroup = 8625B823258F06C400F87083;
			productRefGroup = 8625B82D258F06C400F87083 /* Products */;
			projectDirPath = "";
			projectRoot = "";
			targets = (
				8625B82B258F06C400F87083 /* todoList */,
			);
		};
/* End PBXProject section */

/* Begin PBXResourcesBuildPhase section */
		8625B82A258F06C400F87083 /* Resources */ = {
			isa = PBXResourcesBuildPhase;
			buildActionMask = 2147483647;
			files = (
				8623C37D259393CC007426D0 /* croupier.png in Resources */,
				8625B83F258F06C400F87083 /* LaunchScreen.storyboard in Resources */,
				8625B83C258F06C400F87083 /* Assets.xcassets in Resources */,
				8625B837258F06C400F87083 /* Main.storyboard in Resources */,
			);
			runOnlyForDeploymentPostprocessing = 0;
		};
/* End PBXResourcesBuildPhase section */

/* Begin PBXSourcesBuildPhase section */
		8625B828258F06C400F87083 /* Sources */ = {
			isa = PBXSourcesBuildPhase;
			buildActionMask = 2147483647;
			files = (
				8624FE9D259626EA00313BE6 /* InsertTimeViewController.swift in Sources */,
				86B4A34D258F5DE600F746AF /* CoreData+CoreDataClass.swift in Sources */,
				8625B830258F06C400F87083 /* AppDelegate.swift in Sources */,
				8625B832258F06C400F87083 /* SceneDelegate.swift in Sources */,
				86B4A323258F10F900F746AF /* EditViewController.swift in Sources */,
				8624FE9A2596231E00313BE6 /* InsertTitleViewController.swift in Sources */,
				86B4A34E258F5DE600F746AF /* CoreData+CoreDataProperties.swift in Sources */,
				86B4A32C258F118000F746AF /* DataManager.swift in Sources */,
				86B4A320258F10E000F746AF /* NewViewController.swift in Sources */,
				8625B83A258F06C400F87083 /* todoList.xcdatamodeld in Sources */,
				86B4A347258F4D2F00F746AF /* AlertsBox.swift in Sources */,
				86B4A326258F111100F746AF /* ToDoListViewController.swift in Sources */,
			);
			runOnlyForDeploymentPostprocessing = 0;
		};
/* End PBXSourcesBuildPhase section */

/* Begin PBXVariantGroup section */
		8625B835258F06C400F87083 /* Main.storyboard */ = {
			isa = PBXVariantGroup;
			children = (
				8625B836258F06C400F87083 /* Base */,
			);
			name = Main.storyboard;
			sourceTree = "<group>";
		};
		8625B83D258F06C400F87083 /* LaunchScreen.storyboard */ = {
			isa = PBXVariantGroup;
			children = (
				8625B83E258F06C400F87083 /* Base */,
			);
			name = LaunchScreen.storyboard;
			sourceTree = "<group>";
		};
/* End PBXVariantGroup section */

/* Begin XCBuildConfiguration section */
		8625B841258F06C400F87083 /* Debug */ = {
			isa = XCBuildConfiguration;
			buildSettings = {
				ALWAYS_SEARCH_USER_PATHS = NO;
				CLANG_ANALYZER_NONNULL = YES;
				CLANG_ANALYZER_NUMBER_OBJECT_CONVERSION = YES_AGGRESSIVE;
				CLANG_CXX_LANGUAGE_STANDARD = "gnu++14";
				CLANG_CXX_LIBRARY = "libc++";
				CLANG_ENABLE_MODULES = YES;
				CLANG_ENABLE_OBJC_ARC = YES;
				CLANG_ENABLE_OBJC_WEAK = YES;
				CLANG_WARN_BLOCK_CAPTURE_AUTORELEASING = YES;
				CLANG_WARN_BOOL_CONVERSION = YES;
				CLANG_WARN_COMMA = YES;
				CLANG_WARN_CONSTANT_CONVERSION = YES;
				CLANG_WARN_DEPRECATED_OBJC_IMPLEMENTATIONS = YES;
				CLANG_WARN_DIRECT_OBJC_ISA_USAGE = YES_ERROR;
				CLANG_WARN_DOCUMENTATION_COMMENTS = YES;
				CLANG_WARN_EMPTY_BODY = YES;
				CLANG_WARN_ENUM_CONVERSION = YES;
				CLANG_WARN_INFINITE_RECURSION = YES;
				CLANG_WARN_INT_CONVERSION = YES;
				CLANG_WARN_NON_LITERAL_NULL_CONVERSION = YES;
				CLANG_WARN_OBJC_IMPLICIT_RETAIN_SELF = YES;
				CLANG_WARN_OBJC_LITERAL_CONVERSION = YES;
				CLANG_WARN_OBJC_ROOT_CLASS = YES_ERROR;
				CLANG_WARN_QUOTED_INCLUDE_IN_FRAMEWORK_HEADER = YES;
				CLANG_WARN_RANGE_LOOP_ANALYSIS = YES;
				CLANG_WARN_STRICT_PROTOTYPES = YES;
				CLANG_WARN_SUSPICIOUS_MOVE = YES;
				CLANG_WARN_UNGUARDED_AVAILABILITY = YES_AGGRESSIVE;
				CLANG_WARN_UNREACHABLE_CODE = YES;
				CLANG_WARN__DUPLICATE_METHOD_MATCH = YES;
				COPY_PHASE_STRIP = NO;
				DEBUG_INFORMATION_FORMAT = dwarf;
				ENABLE_STRICT_OBJC_MSGSEND = YES;
				ENABLE_TESTABILITY = YES;
				GCC_C_LANGUAGE_STANDARD = gnu11;
				GCC_DYNAMIC_NO_PIC = NO;
				GCC_NO_COMMON_BLOCKS = YES;
				GCC_OPTIMIZATION_LEVEL = 0;
				GCC_PREPROCESSOR_DEFINITIONS = (
					"DEBUG=1",
					"$(inherited)",
				);
				GCC_WARN_64_TO_32_BIT_CONVERSION = YES;
				GCC_WARN_ABOUT_RETURN_TYPE = YES_ERROR;
				GCC_WARN_UNDECLARED_SELECTOR = YES;
				GCC_WARN_UNINITIALIZED_AUTOS = YES_AGGRESSIVE;
				GCC_WARN_UNUSED_FUNCTION = YES;
				GCC_WARN_UNUSED_VARIABLE = YES;
				IPHONEOS_DEPLOYMENT_TARGET = 14.3;
				MTL_ENABLE_DEBUG_INFO = INCLUDE_SOURCE;
				MTL_FAST_MATH = YES;
				ONLY_ACTIVE_ARCH = YES;
				SDKROOT = iphoneos;
				SWIFT_ACTIVE_COMPILATION_CONDITIONS = DEBUG;
				SWIFT_OPTIMIZATION_LEVEL = "-Onone";
			};
			name = Debug;
		};
		8625B842258F06C400F87083 /* Release */ = {
			isa = XCBuildConfiguration;
			buildSettings = {
				ALWAYS_SEARCH_USER_PATHS = NO;
				CLANG_ANALYZER_NONNULL = YES;
				CLANG_ANALYZER_NUMBER_OBJECT_CONVERSION = YES_AGGRESSIVE;
				CLANG_CXX_LANGUAGE_STANDARD = "gnu++14";
				CLANG_CXX_LIBRARY = "libc++";
				CLANG_ENABLE_MODULES = YES;
				CLANG_ENABLE_OBJC_ARC = YES;
				CLANG_ENABLE_OBJC_WEAK = YES;
				CLANG_WARN_BLOCK_CAPTURE_AUTORELEASING = YES;
				CLANG_WARN_BOOL_CONVERSION = YES;
				CLANG_WARN_COMMA = YES;
				CLANG_WARN_CONSTANT_CONVERSION = YES;
				CLANG_WARN_DEPRECATED_OBJC_IMPLEMENTATIONS = YES;
				CLANG_WARN_DIRECT_OBJC_ISA_USAGE = YES_ERROR;
				CLANG_WARN_DOCUMENTATION_COMMENTS = YES;
				CLANG_WARN_EMPTY_BODY = YES;
				CLANG_WARN_ENUM_CONVERSION = YES;
				CLANG_WARN_INFINITE_RECURSION = YES;
				CLANG_WARN_INT_CONVERSION = YES;
				CLANG_WARN_NON_LITERAL_NULL_CONVERSION = YES;
				CLANG_WARN_OBJC_IMPLICIT_RETAIN_SELF = YES;
				CLANG_WARN_OBJC_LITERAL_CONVERSION = YES;
				CLANG_WARN_OBJC_ROOT_CLASS = YES_ERROR;
				CLANG_WARN_QUOTED_INCLUDE_IN_FRAMEWORK_HEADER = YES;
				CLANG_WARN_RANGE_LOOP_ANALYSIS = YES;
				CLANG_WARN_STRICT_PROTOTYPES = YES;
				CLANG_WARN_SUSPICIOUS_MOVE = YES;
				CLANG_WARN_UNGUARDED_AVAILABILITY = YES_AGGRESSIVE;
				CLANG_WARN_UNREACHABLE_CODE = YES;
				CLANG_WARN__DUPLICATE_METHOD_MATCH = YES;
				COPY_PHASE_STRIP = NO;
				DEBUG_INFORMATION_FORMAT = "dwarf-with-dsym";
				ENABLE_NS_ASSERTIONS = NO;
				ENABLE_STRICT_OBJC_MSGSEND = YES;
				GCC_C_LANGUAGE_STANDARD = gnu11;
				GCC_NO_COMMON_BLOCKS = YES;
				GCC_WARN_64_TO_32_BIT_CONVERSION = YES;
				GCC_WARN_ABOUT_RETURN_TYPE = YES_ERROR;
				GCC_WARN_UNDECLARED_SELECTOR = YES;
				GCC_WARN_UNINITIALIZED_AUTOS = YES_AGGRESSIVE;
				GCC_WARN_UNUSED_FUNCTION = YES;
				GCC_WARN_UNUSED_VARIABLE = YES;
				IPHONEOS_DEPLOYMENT_TARGET = 14.3;
				MTL_ENABLE_DEBUG_INFO = NO;
				MTL_FAST_MATH = YES;
				SDKROOT = iphoneos;
				SWIFT_COMPILATION_MODE = wholemodule;
				SWIFT_OPTIMIZATION_LEVEL = "-O";
				VALIDATE_PRODUCT = YES;
			};
			name = Release;
		};
		8625B844258F06C400F87083 /* Debug */ = {
			isa = XCBuildConfiguration;
			buildSettings = {
				ASSETCATALOG_COMPILER_APPICON_NAME = AppIcon;
				ASSETCATALOG_COMPILER_GLOBAL_ACCENT_COLOR_NAME = AccentColor;
				CODE_SIGN_STYLE = Automatic;
				DEVELOPMENT_TEAM = KF5FK9BCXT;
				INFOPLIST_FILE = todoList/Info.plist;
				LD_RUNPATH_SEARCH_PATHS = (
					"$(inherited)",
					"@executable_path/Frameworks",
				);
				PRODUCT_BUNDLE_IDENTIFIER = "detacl73-gmail.com.todoList";
				PRODUCT_NAME = "$(TARGET_NAME)";
				SWIFT_VERSION = 5.0;
				TARGETED_DEVICE_FAMILY = "1,2";
			};
			name = Debug;
		};
		8625B845258F06C400F87083 /* Release */ = {
			isa = XCBuildConfiguration;
			buildSettings = {
				ASSETCATALOG_COMPILER_APPICON_NAME = AppIcon;
				ASSETCATALOG_COMPILER_GLOBAL_ACCENT_COLOR_NAME = AccentColor;
				CODE_SIGN_STYLE = Automatic;
				DEVELOPMENT_TEAM = KF5FK9BCXT;
				INFOPLIST_FILE = todoList/Info.plist;
				LD_RUNPATH_SEARCH_PATHS = (
					"$(inherited)",
					"@executable_path/Frameworks",
				);
				PRODUCT_BUNDLE_IDENTIFIER = "detacl73-gmail.com.todoList";
				PRODUCT_NAME = "$(TARGET_NAME)";
				SWIFT_VERSION = 5.0;
				TARGETED_DEVICE_FAMILY = "1,2";
			};
			name = Release;
		};
/* End XCBuildConfiguration section */

/* Begin XCConfigurationList section */
		8625B827258F06C400F87083 /* Build configuration list for PBXProject "todoList" */ = {
			isa = XCConfigurationList;
			buildConfigurations = (
				8625B841258F06C400F87083 /* Debug */,
				8625B842258F06C400F87083 /* Release */,
			);
			defaultConfigurationIsVisible = 0;
			defaultConfigurationName = Release;
		};
		8625B843258F06C400F87083 /* Build configuration list for PBXNativeTarget "todoList" */ = {
			isa = XCConfigurationList;
			buildConfigurations = (
				8625B844258F06C400F87083 /* Debug */,
				8625B845258F06C400F87083 /* Release */,
			);
			defaultConfigurationIsVisible = 0;
			defaultConfigurationName = Release;
		};
/* End XCConfigurationList section */

/* Begin XCVersionGroup section */
		8625B838258F06C400F87083 /* todoList.xcdatamodeld */ = {
			isa = XCVersionGroup;
			children = (
				8625B839258F06C400F87083 /* todoList.xcdatamodel */,
			);
			currentVersion = 8625B839258F06C400F87083 /* todoList.xcdatamodel */;
			path = todoList.xcdatamodeld;
			sourceTree = "<group>";
			versionGroupType = wrapper.xcdatamodel;
		};
/* End XCVersionGroup section */
	};
	rootObject = 8625B824258F06C400F87083 /* Project object */;
}
